
Microsoft Visual Studio Solution File, Format Version 12.00
# Visual Studio Version 16
VisualStudioVersion = 16.0.31424.327
MinimumVisualStudioVersion = 10.0.40219.1
Project("{FAE04EC0-301F-11D3-BF4B-00C04F79EFBC}") = "SpaceEngineers-CoachLCD", "SpaceEngineers-CoachLCD\SpaceEngineers-CoachLCD.csproj", "{02B861D9-DEEE-4F88-8D25-5D05D234E97F}"
EndProject
Global
	GlobalSection(SolutionConfigurationPlatforms) = preSolution
		Debug|x64 = Debug|x64
	EndGlobalSection
	GlobalSection(ProjectConfigurationPlatforms) = postSolution
		{02B861D9-DEEE-4F88-8D25-5D05D234E97F}.Debug|x64.ActiveCfg = Debug|x64
		{02B861D9-DEEE-4F88-8D25-5D05D234E97F}.Debug|x64.Build.0 = Debug|x64
	EndGlobalSection
	GlobalSection(SolutionProperties) = preSolution
		HideSolutionNode = FALSE
	EndGlobalSection
	GlobalSection(ExtensibilityGlobals) = postSolution
		SolutionGuid = {5214467A-15C8-41FA-94CA-FD91916A4856}
	EndGlobalSection
EndGlobal
